
Microsoft Visual Studio Solution File, Format Version 12.00
# Visual Studio Version 16
VisualStudioVersion = 16.0.31019.35
MinimumVisualStudioVersion = 10.0.40219.1
Project("{FAE04EC0-301F-11D3-BF4B-00C04F79EFBC}") = "텍스트분석기", "텍스트분석기\텍스트분석기.csproj", "{9ED18D9B-6277-4BF6-A73B-7490323EF206}"
EndProject
Global
	GlobalSection(SolutionConfigurationPlatforms) = preSolution
		Debug|Any CPU = Debug|Any CPU
		Release|Any CPU = Release|Any CPU
	EndGlobalSection
	GlobalSection(ProjectConfigurationPlatforms) = postSolution
		{9ED18D9B-6277-4BF6-A73B-7490323EF206}.Debug|Any CPU.ActiveCfg = Debug|Any CPU
		{9ED18D9B-6277-4BF6-A73B-7490323EF206}.Debug|Any CPU.Build.0 = Debug|Any CPU
		{9ED18D9B-6277-4BF6-A73B-7490323EF206}.Release|Any CPU.ActiveCfg = Release|Any CPU
		{9ED18D9B-6277-4BF6-A73B-7490323EF206}.Release|Any CPU.Build.0 = Release|Any CPU
	EndGlobalSection
	GlobalSection(SolutionProperties) = preSolution
		HideSolutionNode = FALSE
	EndGlobalSection
	GlobalSection(ExtensibilityGlobals) = postSolution
		SolutionGuid = {666EC29A-F003-4CD9-854A-B5FF88B9E257}
	EndGlobalSection
EndGlobal
